
Microsoft Visual Studio Solution File, Format Version 12.00
# Visual Studio 15
VisualStudioVersion = 15.0.27004.2009
MinimumVisualStudioVersion = 10.0.40219.1
Project("{FAE04EC0-301F-11D3-BF4B-00C04F79EFBC}") = "DragonBookCompilerFrontend-CSharpVersion", "DragonBookCompilerFrontend-CSharpVersion\DragonBookCompilerFrontend-CSharpVersion.csproj", "{F6420B83-02E1-4E2E-A900-D71CA9B1688B}"
EndProject
Project("{FAE04EC0-301F-11D3-BF4B-00C04F79EFBC}") = "DragonBookCompiler.Lexer", "DragonBookCompiler.Lexer\DragonBookCompiler.Lexer.csproj", "{A37C75DA-3169-487F-BE3F-BB3D73131D7F}"
EndProject
Project("{FAE04EC0-301F-11D3-BF4B-00C04F79EFBC}") = "DragonBookCompiler.Symbols", "DragonBookCompiler.Symbols\DragonBookCompiler.Symbols.csproj", "{47605FED-3FBE-4C94-A200-36D3FB33C056}"
EndProject
Project("{FAE04EC0-301F-11D3-BF4B-00C04F79EFBC}") = "DragonBookCompiler.Inter", "DragonBookCompiler.Inter\DragonBookCompiler.Inter.csproj", "{66AB0F68-E5D5-4A7A-8931-0D82785D43B0}"
EndProject
Project("{FAE04EC0-301F-11D3-BF4B-00C04F79EFBC}") = "DragonBookCompiler.Parser", "DragonBookCompiler.Parser\DragonBookCompiler.Parser.csproj", "{BC90FA3E-4BDA-46BA-9905-8B5A54A0A323}"
EndProject
Global
	GlobalSection(SolutionConfigurationPlatforms) = preSolution
		Debug|Any CPU = Debug|Any CPU
		Release|Any CPU = Release|Any CPU
	EndGlobalSection
	GlobalSection(ProjectConfigurationPlatforms) = postSolution
		{F6420B83-02E1-4E2E-A900-D71CA9B1688B}.Debug|Any CPU.ActiveCfg = Debug|Any CPU
		{F6420B83-02E1-4E2E-A900-D71CA9B1688B}.Debug|Any CPU.Build.0 = Debug|Any CPU
		{F6420B83-02E1-4E2E-A900-D71CA9B1688B}.Release|Any CPU.ActiveCfg = Release|Any CPU
		{F6420B83-02E1-4E2E-A900-D71CA9B1688B}.Release|Any CPU.Build.0 = Release|Any CPU
		{A37C75DA-3169-487F-BE3F-BB3D73131D7F}.Debug|Any CPU.ActiveCfg = Debug|Any CPU
		{A37C75DA-3169-487F-BE3F-BB3D73131D7F}.Debug|Any CPU.Build.0 = Debug|Any CPU
		{A37C75DA-3169-487F-BE3F-BB3D73131D7F}.Release|Any CPU.ActiveCfg = Release|Any CPU
		{A37C75DA-3169-487F-BE3F-BB3D73131D7F}.Release|Any CPU.Build.0 = Release|Any CPU
		{47605FED-3FBE-4C94-A200-36D3FB33C056}.Debug|Any CPU.ActiveCfg = Debug|Any CPU
		{47605FED-3FBE-4C94-A200-36D3FB33C056}.Debug|Any CPU.Build.0 = Debug|Any CPU
		{47605FED-3FBE-4C94-A200-36D3FB33C056}.Release|Any CPU.ActiveCfg = Release|Any CPU
		{47605FED-3FBE-4C94-A200-36D3FB33C056}.Release|Any CPU.Build.0 = Release|Any CPU
		{66AB0F68-E5D5-4A7A-8931-0D82785D43B0}.Debug|Any CPU.ActiveCfg = Debug|Any CPU
		{66AB0F68-E5D5-4A7A-8931-0D82785D43B0}.Debug|Any CPU.Build.0 = Debug|Any CPU
		{66AB0F68-E5D5-4A7A-8931-0D82785D43B0}.Release|Any CPU.ActiveCfg = Release|Any CPU
		{66AB0F68-E5D5-4A7A-8931-0D82785D43B0}.Release|Any CPU.Build.0 = Release|Any CPU
		{BC90FA3E-4BDA-46BA-9905-8B5A54A0A323}.Debug|Any CPU.ActiveCfg = Debug|Any CPU
		{BC90FA3E-4BDA-46BA-9905-8B5A54A0A323}.Debug|Any CPU.Build.0 = Debug|Any CPU
		{BC90FA3E-4BDA-46BA-9905-8B5A54A0A323}.Release|Any CPU.ActiveCfg = Release|Any CPU
		{BC90FA3E-4BDA-46BA-9905-8B5A54A0A323}.Release|Any CPU.Build.0 = Release|Any CPU
	EndGlobalSection
	GlobalSection(SolutionProperties) = preSolution
		HideSolutionNode = FALSE
	EndGlobalSection
	GlobalSection(ExtensibilityGlobals) = postSolution
		SolutionGuid = {7DFF9D39-2EE9-486D-B100-DAE3D9637759}
	EndGlobalSection
EndGlobal
